github.com/alwindoss/morse v1.0.1 h1:PkUh5m1UHMcZ1Upvl7CmSIBMxdEBejWoQ4rQQtgJsCQ=
github.com/alwindoss/morse v1.0.1/go.mod h1:qAqJOep3jEpIpiLgqSGgLk5Zh4BZKsyzMQHuAwVPMXc=
github.com/buger/goterm v0.0.0-20181115115552-c206103e1f37 h1:uxxtrnACqI9zK4ENDMf0WpXfUsHP5V8liuq5QdgDISU=
github.com/buger/goterm v0.0.0-20181115115552-c206103e1f37/go.mod h1:u9UyCz2eTrSGy6fbupqJ54eY5c4IC8gREQ1053dK12U=
github.com/eiannone/keyboard v0.0.0-20190314115158-7169d0afeb4f h1:UnS2RJ1y4KXbupaWRmMIkfFE9IBW//FiSCfTnHTsErI=
github.com/eiannone/keyboard v0.0.0-20190314115158-7169d0afeb4f/go.mod h1:Xoiu5VdKMvbRgHuY7+z64lhu/7lvax/22nzASF6GrO8=
github.com/inancgumus/screen v0.0.0-20190314163918-06e984b86ed3 h1:fO9A67/izFYFYky7l1pDP5Dr0BTCRkaQJUG6Jm5ehsk=
github.com/inancgumus/screen v0.0.0-20190314163918-06e984b86ed3/go.mod h1:Ey4uAp+LvIl+s5jRbOHLcZpUDnkjLBROl15fZLwPlTM=
golang.org/x/crypto v0.0.0-20190308221718-c2843e01d9a2/go.mod h1:djNgcEr1/C05ACkg1iLfiJU5Ep61QUkGW8qpdssI0+w=
golang.org/x/crypto v0.0.0-20190701094942-4def268fd1a4 h1:HuIa8hRrWRSrqYzx1qI49NNxhdi2PrY7gxVSq1JjLDc=
golang.org/x/crypto v0.0.0-20190701094942-4def268fd1a4/go.mod h1:yigFU9vqHzYiE8UmvKecakEJjdnWj3jj499lnFckfCI=
golang.org/x/net v0.0.0-20190404232315-eb5bcb51f2a3/go.mod h1:t9HGtf8HONx5eT2rtn7q6eTqICYqUVnKs3thJo3Qplg=
golang.org/x/sys v0.0.0-20190215142949-d0b11bdaac8a/go.mod h1:STP8DvDyc/dI5b8T5hshtkjS+E42TnysNCUPdjciGhY=
golang.org/x/sys v0.0.0-20190412213103-97732733099d/go.mod h1:h1NjWce9XRLGQEsW7wpKNCjG9DtNlClVuFLEZdDNbEs=
golang.org/x/sys v0.0.0-20190813064441-fde4db37ae7a h1:aYOabOQFp6Vj6W1F80affTUvO9UxmJRx8K0gsfABByQ=
golang.org/x/sys v0.0.0-20190813064441-fde4db37ae7a/go.mod h1:h1NjWce9XRLGQEsW7wpKNCjG9DtNlClVuFLEZdDNbEs=
golang.org/x/text v0.3.0/go.mod h1:NqM8EUOU14njkJ3fqMW+pc6Ldnwhi/IjpwHt7yyuwOQ=
gopkg.in/xkg.v0 v0.1.1 h1:z9SmjHjE0XwC9d12gXfg2CLFXk3eZ804xKtBmHpzMpk=
gopkg.in/xkg.v0 v0.1.1/go.mod h1:ohS9ERp9CXFs1oMfJjRrp658/I+q3+42eCBFWSH+PYA=
